<?xml version="1.0" encoding="UTF-8"?>
<Project xmlns="http://schemas.microsoft.com/developer/msbuild/2003" ToolsVersion="4.0">
    <ItemGroup>
        <Filter Include="header">
            <UniqueIdentifier>{3BDFF4C4-99B6-4064-A93A-88C42FF3BEAE}</UniqueIdentifier>
            <Extensions>h;hpp</Extensions>
        </Filter>
        <Filter Include="resource">
            <UniqueIdentifier>{A95A822B-18B5-4039-A80D-D41AD3FD4162}</UniqueIdentifier>
            <Extensions>hlsl;jpg;jpeg;png;wav;mp3;ico;dds;rc;obj</Extensions>
        </Filter>
        <Filter Include="source">
            <UniqueIdentifier>{9B7854E7-B327-4D33-834B-1858E06F2B97}</UniqueIdentifier>
            <Extensions>cpp;c</Extensions>
        </Filter>
    </ItemGroup>
    <ItemGroup>
        <ClCompile Include="..\..\..\src\Moteur\main.cpp">
            <Filter>source</Filter>
        </ClCompile>
        <ClCompile Include="..\..\..\src\Moteur\pch.cpp">
            <Filter>source</Filter>
        </ClCompile>
        <ClInclude Include="..\..\..\src\Moteur\main.h">
            <Filter>header</Filter>
        </ClInclude>
        <ClInclude Include="..\..\..\src\Moteur\pch.h">
            <Filter>header</Filter>
        </ClInclude>
        <ClInclude Include="..\..\..\src\Moteur\resource.h">
            <Filter>header</Filter>
        </ClInclude>
        <None Include="..\..\..\src\Moteur\app.ico">
            <Filter>resource</Filter>
        </None>
        <None Include="..\..\..\src\Moteur\app.rc">
            <Filter>resource</Filter>
        </None>
        <None Include="..\..\..\src\Moteur\small.ico">
            <Filter>resource</Filter>
        </None>
    </ItemGroup>
</Project>
